# THIS IS AN AUTOGENERATED FILE. DO NOT EDIT THIS FILE DIRECTLY.
# yarn lockfile v1


"@emnapi/runtime@^1.2.0":
  version "1.11.3"
  resolved "https://registry.yarnpkg.com/@emnapi/runtime/-/runtime-1.11.3.tgz#84257ae3b0531eb2aec1ffa23d70700da007ba95"
  integrity sha512-Xz4Tpyki7XyrpbUK1jR1AhdAdaXyhhY4lZ3neLodmhpuWfy2PAQN5B46sAiU4liOXGLkHypn/qU+jvfWSCYYLA==
  dependencies:
    tslib "^2.4.0"

"@img/sharp-darwin-arm64@0.33.5":
  version "0.33.5"
  resolved "https://registry.yarnpkg.com/@img/sharp-darwin-arm64/-/sharp-darwin-arm64-0.33.5.tgz#ef5b5a07862805f1e8145a377c8ba6e98813ca08"
  integrity sha512-UT4p+iz/2H4twwAoLCqfA9UH5pI6DggwKEGuaPy7nCVQ8ZsiY5PIcrRvD1DzuY3qYL07NtIQcWnBSY/heikIFQ==
  optionalDependencies:
    "@img/sharp-libvips-darwin-arm64" "1.0.4"

"@img/sharp-darwin-x64@0.33.5":
  version "0.33.5"
  resolved "https://registry.yarnpkg.com/@img/sharp-darwin-x64/-/sharp-darwin-x64-0.33.5.tgz#e03d3451cd9e664faa72948cc70a403ea4063d61"
  integrity sha512-fyHac4jIc1ANYGRDxtiqelIbdWkIuQaI84Mv45KvGRRxSAa7o7d1ZKAOBaYbnepLC1WqxfpimdeWfvqqSGwR2Q==
  optionalDependencies:
    "@img/sharp-libvips-darwin-x64" "1.0.4"

"@img/sharp-libvips-darwin-arm64@1.0.4":
  version "1.0.4"
  resolved "https://registry.yarnpkg.com/@img/sharp-libvips-darwin-arm64/-/sharp-libvips-darwin-arm64-1.0.4.tgz#447c5026700c01a993c7804eb8af5f6e9868c07f"
  integrity sha512-XblONe153h0O2zuFfTAbQYAX2JhYmDHeWikp1LM9Hul9gVPjFY427k6dFEcOL72O01QxQsWi761svJ/ev9xEDg==

"@img/sharp-libvips-darwin-x64@1.0.4":
  version "1.0.4"
  resolved "https://registry.yarnpkg.com/@img/sharp-libvips-darwin-x64/-/sharp-libvips-darwin-x64-1.0.4.tgz#e0456f8f7c623f9dbfbdc77383caa72281d86062"
  integrity sha512-xnGR8YuZYfJGmWPvmlunFaWJsb9T/AO2ykoP3Fz/0X5XV2aoYBPkX6xqCQvUTKKiLddarLaxpzNe+b1hjeWHAQ==

"@img/sharp-libvips-linux-arm64@1.0.4":
  version "1.0.4"
  resolved "https://registry.yarnpkg.com/@img/sharp-libvips-linux-arm64/-/sharp-libvips-linux-arm64-1.0.4.tgz#979b1c66c9a91f7ff2893556ef267f90ebe51704"
  integrity sha512-9B+taZ8DlyyqzZQnoeIvDVR/2F4EbMepXMc/NdVbkzsJbzkUjhXv/70GQJ7tdLA4YJgNP25zukcxpX2/SueNrA==

"@img/sharp-libvips-linux-arm@1.0.5":
  version "1.0.5"
  resolved "https://registry.yarnpkg.com/@img/sharp-libvips-linux-arm/-/sharp-libvips-linux-arm-1.0.5.tgz#99f922d4e15216ec205dcb6891b721bfd2884197"
  integrity sha512-gvcC4ACAOPRNATg/ov8/MnbxFDJqf/pDePbBnuBDcjsI8PssmjoKMAz4LtLaVi+OnSb5FK/yIOamqDwGmXW32g==

"@img/sharp-libvips-linux-s390x@1.0.4":
  version "1.0.4"
  resolved "https://registry.yarnpkg.com/@img/sharp-libvips-linux-s390x/-/sharp-libvips-linux-s390x-1.0.4.tgz#f8a5eb1f374a082f72b3f45e2fb25b8118a8a5ce"
  integrity sha512-u7Wz6ntiSSgGSGcjZ55im6uvTrOxSIS8/dgoVMoiGE9I6JAfU50yH5BoDlYA1tcuGS7g/QNtetJnxA6QEsCVTA==

"@img/sharp-libvips-linux-x64@1.0.4":
  version "1.0.4"
  resolved "https://registry.yarnpkg.com/@img/sharp-libvips-linux-x64/-/sharp-libvips-linux-x64-1.0.4.tgz#d4c4619cdd157774906e15770ee119931c7ef5e0"
  integrity sha512-MmWmQ3iPFZr0Iev+BAgVMb3ZyC4KeFc3jFxnNbEPas60e1cIfevbtuyf9nDGIzOaW9PdnDciJm+wFFaTlj5xYw==

"@img/sharp-libvips-linuxmusl-arm64@1.0.4":
  version "1.0.4"
  resolved "https://registry.yarnpkg.com/@img/sharp-libvips-linuxmusl-arm64/-/sharp-libvips-linuxmusl-arm64-1.0.4.tgz#166778da0f48dd2bded1fa3033cee6b588f0d5d5"
  integrity sha512-9Ti+BbTYDcsbp4wfYib8Ctm1ilkugkA/uscUn6UXK1ldpC1JjiXbLfFZtRlBhjPZ5o1NCLiDbg8fhUPKStHoTA==

"@img/sharp-libvips-linuxmusl-x64@1.0.4":
  version "1.0.4"
  resolved "https://registry.yarnpkg.com/@img/sharp-libvips-linuxmusl-x64/-/sharp-libvips-linuxmusl-x64-1.0.4.tgz#93794e4d7720b077fcad3e02982f2f1c246751ff"
  integrity sha512-viYN1KX9m+/hGkJtvYYp+CCLgnJXwiQB39damAO7WMdKWlIhmYTfHjwSbQeUK/20vY154mwezd9HflVFM1wVSw==

"@img/sharp-linux-arm64@0.33.5":
  version "0.33.5"
  resolved "https://registry.yarnpkg.com/@img/sharp-linux-arm64/-/sharp-linux-arm64-0.33.5.tgz#edb0697e7a8279c9fc829a60fc35644c4839bb22"
  integrity sha512-JMVv+AMRyGOHtO1RFBiJy/MBsgz0x4AWrT6QoEVVTyh1E39TrCUpTRI7mx9VksGX4awWASxqCYLCV4wBZHAYxA==
  optionalDependencies:
    "@img/sharp-libvips-linux-arm64" "1.0.4"

"@img/sharp-linux-arm@0.33.5":
  version "0.33.5"
  resolved "https://registry.yarnpkg.com/@img/sharp-linux-arm/-/sharp-linux-arm-0.33.5.tgz#422c1a352e7b5832842577dc51602bcd5b6f5eff"
  integrity sha512-JTS1eldqZbJxjvKaAkxhZmBqPRGmxgu+qFKSInv8moZ2AmT5Yib3EQ1c6gp493HvrvV8QgdOXdyaIBrhvFhBMQ==
  optionalDependencies:
    "@img/sharp-libvips-linux-arm" "1.0.5"

"@img/sharp-linux-s390x@0.33.5":
  version "0.33.5"
  resolved "https://registry.yarnpkg.com/@img/sharp-linux-s390x/-/sharp-linux-s390x-0.33.5.tgz#f5c077926b48e97e4a04d004dfaf175972059667"
  integrity sha512-y/5PCd+mP4CA/sPDKl2961b+C9d+vPAveS33s6Z3zfASk2j5upL6fXVPZi7ztePZ5CuH+1kW8JtvxgbuXHRa4Q==
  optionalDependencies:
    "@img/sharp-libvips-linux-s390x" "1.0.4"

"@img/sharp-linux-x64@0.33.5":
  version "0.33.5"
  resolved "https://registry.yarnpkg.com/@img/sharp-linux-x64/-/sharp-linux-x64-0.33.5.tgz#d806e0afd71ae6775cc87f0da8f2d03a7c2209cb"
  integrity sha512-opC+Ok5pRNAzuvq1AG0ar+1owsu842/Ab+4qvU879ippJBHvyY5n2mxF1izXqkPYlGuP/M556uh53jRLJmzTWA==
  optionalDependencies:
    "@img/sharp-libvips-linux-x64" "1.0.4"

"@img/sharp-linuxmusl-arm64@0.33.5":
  version "0.33.5"
  resolved "https://registry.yarnpkg.com/@img/sharp-linuxmusl-arm64/-/sharp-linuxmusl-arm64-0.33.5.tgz#252975b915894fb315af5deea174651e208d3d6b"
  integrity sha512-XrHMZwGQGvJg2V/oRSUfSAfjfPxO+4DkiRh6p2AFjLQztWUuY/o8Mq0eMQVIY7HJ1CDQUJlxGGZRw1a5bqmd1g==
  optionalDependencies:
    "@img/sharp-libvips-linuxmusl-arm64" "1.0.4"

"@img/sharp-linuxmusl-x64@0.33.5":
  version "0.33.5"
  resolved "https://registry.yarnpkg.com/@img/sharp-linuxmusl-x64/-/sharp-linuxmusl-x64-0.33.5.tgz#3f4609ac5d8ef8ec7dadee80b560961a60fd4f48"
  integrity sha512-WT+d/cgqKkkKySYmqoZ8y3pxx7lx9vVejxW/W4DOFMYVSkErR+w7mf2u8m/y4+xHe7yY9DAXQMWQhpnMuFfScw==
  optionalDependencies:
    "@img/sharp-libvips-linuxmusl-x64" "1.0.4"

"@img/sharp-wasm32@0.33.5":
  version "0.33.5"
  resolved "https://registry.yarnpkg.com/@img/sharp-wasm32/-/sharp-wasm32-0.33.5.tgz#6f44f3283069d935bb5ca5813153572f3e6f61a1"
  integrity sha512-ykUW4LVGaMcU9lu9thv85CbRMAwfeadCJHRsg2GmeRa/cJxsVY9Rbd57JcMxBkKHag5U/x7TSBpScF4U8ElVzg==
  dependencies:
    "@emnapi/runtime" "^1.2.0"

"@img/sharp-win32-ia32@0.33.5":
  version "0.33.5"
  resolved "https://registry.yarnpkg.com/@img/sharp-win32-ia32/-/sharp-win32-ia32-0.33.5.tgz#1a0c839a40c5351e9885628c85f2e5dfd02b52a9"
  integrity sha512-T36PblLaTwuVJ/zw/LaH0PdZkRz5rd3SmMHX8GSmR7vtNSP5Z6bQkExdSK7xGWyxLw4sUknBuugTelgw2faBbQ==

"@img/sharp-win32-x64@0.33.5":
  version "0.33.5"
  resolved "https://registry.yarnpkg.com/@img/sharp-win32-x64/-/sharp-win32-x64-0.33.5.tgz#56f00962ff0c4e0eb93d34a047d29fa995e3e342"
  integrity sha512-MpY/o8/8kj+EcnxwvrP4aTJSWw/aZ7JIGR4aBeZkZw5B7/Jn+tY9/VNwtcoGmdT7GfggGIU4kygOMSbYnOrAbg==

"@jridgewell/resolve-uri@^3.1.0":
  version "3.1.2"
  resolved "https://registry.yarnpkg.com/@jridgewell/resolve-uri/-/resolve-uri-3.1.2.tgz#7a0ee601f60f99a20c7c7c5ff0c80388c1189bd6"
  integrity sha512-bRISgCIjP20/tbWSPWMEi54QVPRZExkuD9lJL+UIxUKtwVJA8wW1Trb1jMs1RFXo1CBTNZ/5hpC9QvmKWdopKw==

"@jridgewell/sourcemap-codec@^1.4.14", "@jridgewell/sourcemap-codec@^1.6.0":
  version "1.6.0"
  resolved "https://registry.yarnpkg.com/@jridgewell/sourcemap-codec/-/sourcemap-codec-1.6.0.tgz#f4c663e862f06dc98ca4d453862c46902789a18d"
  integrity sha512-T7jf+5zgsZHwNJ4lvQ7/aezbyk0nNX+zJVWpmHA7VYsEx7a7qr5Rg5IbtJFqkgze5Y2sruq1RUY8Q837Od7iFw==

"@jridgewell/trace-mapping@0.3.31":
  version "0.3.31"
  resolved "https://registry.yarnpkg.com/@jridgewell/trace-mapping/-/trace-mapping-0.3.31.tgz#db15d6781c931f3a251a3dac39501c98a6082fd0"
  integrity sha512-zzNR+SdQSDJzc8joaeP8QQoCQr8NuYx2dIIytl1QeBEZHJ9uW6hebsrYgbz8hJwUQao3TWCMtmfV8Nu1twOLAw==
  dependencies:
    "@jridgewell/resolve-uri" "^3.1.0"
    "@jridgewell/sourcemap-codec" "^1.4.14"

"@next/env@15.1.3":
  version "15.1.3"
  resolved "https://registry.yarnpkg.com/@next/env/-/env-15.1.3.tgz#bc747e041cd105170d4cae07cc802e20b4a0c153"
  integrity sha512-Q1tXwQCGWyA3ehMph3VO+E6xFPHDKdHFYosadt0F78EObYxPio0S09H9UGYznDe6Wc8eLKLG89GqcFJJDiK5xw==

"@next/swc-darwin-arm64@15.1.3":
  version "15.1.3"
  resolved "https://registry.yarnpkg.com/@next/swc-darwin-arm64/-/swc-darwin-arm64-15.1.3.tgz#cac0dc4a1086a33767cc5fb8d11c97391216ca7c"
  integrity sha512-aZtmIh8jU89DZahXQt1La0f2EMPt/i7W+rG1sLtYJERsP7GRnNFghsciFpQcKHcGh4dUiyTB5C1X3Dde/Gw8gg==

"@next/swc-darwin-x64@15.1.3":
  version "15.1.3"
  resolved "https://registry.yarnpkg.com/@next/swc-darwin-x64/-/swc-darwin-x64-15.1.3.tgz#7ebfe9abd7db5abbd28e699d234517f63259ff53"
  integrity sha512-aw8901rjkVBK5mbq5oV32IqkJg+CQa6aULNlN8zyCWSsePzEG3kpDkAFkkTOh3eJ0p95KbkLyWBzslQKamXsLA==

"@next/swc-linux-arm64-gnu@15.1.3":
  version "15.1.3"
  resolved "https://registry.yarnpkg.com/@next/swc-linux-arm64-gnu/-/swc-linux-arm64-gnu-15.1.3.tgz#a6773ea8df2838e8aea1d638176f40849af1ed06"
  integrity sha512-YbdaYjyHa4fPK4GR4k2XgXV0p8vbU1SZh7vv6El4bl9N+ZSiMfbmqCuCuNU1Z4ebJMumafaz6UCC2zaJCsdzjw==

"@next/swc-linux-arm64-musl@15.1.3":
  version "15.1.3"
  resolved "https://registry.yarnpkg.com/@next/swc-linux-arm64-musl/-/swc-linux-arm64-musl-15.1.3.tgz#309f60d4218511d152876e7f6cc624b7e6a44f6c"
  integrity sha512-qgH/aRj2xcr4BouwKG3XdqNu33SDadqbkqB6KaZZkozar857upxKakbRllpqZgWl/NDeSCBYPmUAZPBHZpbA0w==

"@next/swc-linux-x64-gnu@15.1.3":
  version "15.1.3"
  resolved "https://registry.yarnpkg.com/@next/swc-linux-x64-gnu/-/swc-linux-x64-gnu-15.1.3.tgz#c9ac936eee265da738cde4758d95af4562bbd38b"
  integrity sha512-uzafnTFwZCPN499fNVnS2xFME8WLC9y7PLRs/yqz5lz1X/ySoxfaK2Hbz74zYUdEg+iDZPd8KlsWaw9HKkLEVw==

"@next/swc-linux-x64-musl@15.1.3":
  version "15.1.3"
  resolved "https://registry.yarnpkg.com/@next/swc-linux-x64-musl/-/swc-linux-x64-musl-15.1.3.tgz#2fe0c262b379f3c5b39cab2fa0ba3d9108c8e440"
  integrity sha512-el6GUFi4SiDYnMTTlJJFMU+GHvw0UIFnffP1qhurrN1qJV3BqaSRUjkDUgVV44T6zpw1Lc6u+yn0puDKHs+Sbw==

"@next/swc-win32-arm64-msvc@15.1.3":
  version "15.1.3"
  resolved "https://registry.yarnpkg.com/@next/swc-win32-arm64-msvc/-/swc-win32-arm64-msvc-15.1.3.tgz#67252289babfa38712497af646744ffc758aa3dc"
  integrity sha512-6RxKjvnvVMM89giYGI1qye9ODsBQpHSHVo8vqA8xGhmRPZHDQUE4jcDbhBwK0GnFMqBnu+XMg3nYukNkmLOLWw==

"@next/swc-win32-x64-msvc@15.1.3":
  version "15.1.3"
  resolved "https://registry.yarnpkg.com/@next/swc-win32-x64-msvc/-/swc-win32-x64-msvc-15.1.3.tgz#99f8e4cc2b6c469155e75c4e8fdeb5d08254b27c"
  integrity sha512-VId/f5blObG7IodwC5Grf+aYP0O8Saz1/aeU3YcWqNdIUAmFQY3VEPKPaIzfv32F/clvanOb2K2BR5DtDs6XyQ==

"@swc/counter@0.1.3":
  version "0.1.3"
  resolved "https://registry.yarnpkg.com/@swc/counter/-/counter-0.1.3.tgz#cc7463bd02949611c6329596fccd2b0ec782b0e9"
  integrity sha512-e2BR4lsJkkRlKZ/qCHPw9ZaSxc0MVUd7gtbtaB7aMvHeJVYe8sOB8DBZkP2DtISHGSku9sCK6T6cnY0CtXrOCQ==

"@swc/helpers@0.5.15":
  version "0.5.15"
  resolved "https://registry.yarnpkg.com/@swc/helpers/-/helpers-0.5.15.tgz#79efab344c5819ecf83a43f3f9f811fc84b516d7"
  integrity sha512-JQ5TuMi45Owi4/BIMAJBoSQoOJu12oOk/gADqlcUL9JEdHB8vyjUSsxqeNXnmXHjYKMi2WcYtezGEEhqUI/E2g==
  dependencies:
    tslib "^2.8.0"

"@types/bcryptjs@2.4.6":
  version "2.4.6"
  resolved "https://registry.yarnpkg.com/@types/bcryptjs/-/bcryptjs-2.4.6.tgz#2b92e3c2121c66eba3901e64faf8bb922ec291fa"
  integrity sha512-9xlo6R2qDs5uixm0bcIqCeMCE6HiQsIyel9KQySStiyqNl2tnj2mP3DX1Nf56MD6KMenNNlBBsy3LJ7gUEQPXQ==

"@types/chai@^5.2.2":
  version "5.2.3"
  resolved "https://registry.yarnpkg.com/@types/chai/-/chai-5.2.3.tgz#8e9cd9e1c3581fa6b341a5aed5588eb285be0b4a"
  integrity sha512-Mw558oeA9fFbv65/y4mHtXDs9bPnFMZAL/jxdPFUpOHHIXX91mcgEHbS5Lahr+pwZFR8A7GQleRWeI6cGFC2UA==
  dependencies:
    "@types/deep-eql" "*"
    assertion-error "^2.0.1"

"@types/deep-eql@*":
  version "4.0.2"
  resolved "https://registry.yarnpkg.com/@types/deep-eql/-/deep-eql-4.0.2.tgz#334311971d3a07121e7eb91b684a605e7eea9cbd"
  integrity sha512-c9h9dVVMigMPc4bwTvC5dxqtqJZwQPePsWjPlpSOnojbor6pGqdk541lfA7AqFQr5pB1BRdq0juY9db81BwyFw==

"@types/estree@^1.0.0":
  version "1.0.9"
  resolved "https://registry.yarnpkg.com/@types/estree/-/estree-1.0.9.tgz#cf3f0e876d7bee15a93ab925b82bf570a3904a24"
  integrity sha512-GhdPgy1el4/ImP05X05Uw4cw2/M93BCUmnEvWZNStlCzEKME4Fkk+YpoA5OiHNQmoS7Cafb8Xa3Pya8m1Qrzeg==

"@types/jsonwebtoken@9.0.10":
  version "9.0.10"
  resolved "https://registry.yarnpkg.com/@types/jsonwebtoken/-/jsonwebtoken-9.0.10.tgz#a7932a47177dcd4283b6146f3bd5c26d82647f09"
  integrity sha512-asx5hIG9Qmf/1oStypjanR7iKTv0gXQ1Ov/jfrX6kS/EO0OFni8orbmGCn0672NHR3kXHwpAwR+B368ZGN/2rA==
  dependencies:
    "@types/ms" "*"
    "@types/node" "*"

"@types/ms@*":
  version "2.1.0"
  resolved "https://registry.yarnpkg.com/@types/ms/-/ms-2.1.0.tgz#052aa67a48eccc4309d7f0191b7e41434b90bb78"
  integrity sha512-GsCCIZDE/p3i96vtEqx+7dBUGXrc7zeSK3wwPHIaRThS+9OhWIXRqzs4d6k1SVU8g91DrNRWxWUGhp5KXQb2VA==

"@types/node@*":
  version "26.6.3"
  resolved "https://registry.yarnpkg.com/@types/node/-/node-26.6.3.tgz#411dccb5fc25687c958fe35b6ca3741d48a8d13c"
  integrity sha512-dsqMQQoeTLqu9wynDD00q573mNzso3IdQOAfHRJqLCcmCFPoGo9A1bDpUcv/9tnKpErQWv9uKeGfl37EIS02Yg==
  dependencies:
    undici-types "~8.9.0"

"@types/node@22.20.4":
  version "22.20.4"
  resolved "https://registry.yarnpkg.com/@types/node/-/node-22.20.4.tgz#37aab5e1beb215f4c036ea0e17343e59abf430de"
  integrity sha512-zJRE40jpHtKqE/C4fgHrAKQLJuSpzEnP9ff9Y7YtoR3Wd2pwqzlekDeEuUQXjRd+QCYnVnNwuJYmhdk9XV8gvA==
  dependencies:
    undici-types "~6.21.0"

"@types/pg@8.11.10":
  version "8.11.10"
  resolved "https://registry.yarnpkg.com/@types/pg/-/pg-8.11.10.tgz#b8fb2b2b759d452fe3ec182beadd382563b63291"
  integrity sha512-LczQUW4dbOQzsH2RQ5qoeJ6qJPdrcM/DcMLoqWQkMLMsq83J5lAX3LXjdkWdpscFy67JSOWDnh7Ny/sPFykmkg==
  dependencies:
    "@types/node" "*"
    pg-protocol "*"
    pg-types "^4.0.1"

"@types/react-dom@19.0.2":
  version "19.0.2"
  resolved "https://registry.yarnpkg.com/@types/react-dom/-/react-dom-19.0.2.tgz#ad21f9a1ee881817995fd3f7fd33659c87e7b1b7"
  integrity sha512-c1s+7TKFaDRRxr1TxccIX2u7sfCnc3RxkVyBIUA2lCpyqCF+QoAwQ/CBg7bsMdVwP120HEH143VQezKtef5nCg==

"@types/react@19.0.2":
  version "19.0.2"
  resolved "https://registry.yarnpkg.com/@types/react/-/react-19.0.2.tgz#9363e6b3ef898c471cb182dd269decc4afc1b4f6"
  integrity sha512-USU8ZI/xyKJwFTpjSVIrSeHBVAGagkHQKPNbxeWwql/vDmnTIBgx+TJnhFnj1NXgz8XfprU0egV2dROLGpsBEg==
  dependencies:
    csstype "^3.0.2"

"@vitest/mocker@5.0.3":
  version "5.0.3"
  resolved "https://registry.yarnpkg.com/@vitest/mocker/-/mocker-5.0.3.tgz#58666c76660c445c215dd6301fd8704f4550cb58"
  integrity sha512-T8sWAIbkSyAjkwTcaEc3Iu0o9A27X1/kdXrizhZkGuSKScRQtRzclfAMpOTcGdXCsqxeWlpGy3XjqaW8CpLORg==
  dependencies:
    "@jridgewell/trace-mapping" "0.3.31"
    "@vitest/spy" "5.0.3"
    estree-walker "^3.0.3"
    magic-string "^1.2.3"

"@vitest/spy@5.0.3":
  version "5.0.3"
  resolved "https://registry.yarnpkg.com/@vitest/spy/-/spy-5.0.3.tgz#9f1024c35e0bb5ab54169da00b5b743e061f72b4"
  integrity sha512-XhFysQTB8AZ+P4gMi+Lpo99vg2AZi0qKpaB9yXQl37+CaMEAPO3iH/wGVnSyL5MPERiLezpqTVtrR6UZH5GCXg==

assertion-error@^2.0.1:
  version "2.0.1"
  resolved "https://registry.yarnpkg.com/assertion-error/-/assertion-error-2.0.1.tgz#f641a196b335690b1070bf00b6e7593fec190bf7"
  integrity sha512-Izi8RQcffqCeNVgFigKli1ssklIbpHnCYc6AknXGYoB6grJqyeby7jv12JUQgmTAnIDnbck1uxksT4dzN3PWBA==

bcryptjs@2.4.3:
  version "2.4.3"
  resolved "https://registry.yarnpkg.com/bcryptjs/-/bcryptjs-2.4.3.tgz#9ab5627b93e60621ff7cdac5da9733027df1d0cb"
  integrity sha512-V/Hy/X9Vt7f3BbPJEi8BdVFMByHi+jNXrYkW3huaybV/kQ0KJg0Y6PkEMbn+zeT+i+SiKZ/HMqJGIIt4LZDqNQ==

buffer-equal-constant-time@^1.0.1:
  version "1.0.1"
  resolved "https://registry.yarnpkg.com/buffer-equal-constant-time/-/buffer-equal-constant-time-1.0.1.tgz#f8e71132f7ffe6e01a5c9697a4c6f3e48d5cc819"
  integrity sha512-zRpUiDwd/xk6ADqPMATG8vc9VPrkck7T07OIx0gnjmJAnHnTVXNQG3vfvWNuiZIkwu9KrKdA1iJKfsfTVxE6NA==

busboy@1.6.0:
  version "1.6.0"
  resolved "https://registry.yarnpkg.com/busboy/-/busboy-1.6.0.tgz#966ea36a9502e43cdb9146962523b92f531f6893"
  integrity sha512-8SFQbg/0hQ9xy3UNTB0YEnsNBbWfhf7RtnzpL7TkBiTBRfrQ9Fxcnz7VJsleJpyp6rVLvXiuORqjlHi5q+PYuA==
  dependencies:
    streamsearch "^1.1.0"

caniuse-lite@^1.0.30001579:
  version "1.0.30001812"
  resolved "https://registry.yarnpkg.com/caniuse-lite/-/caniuse-lite-1.0.30001812.tgz#55b32ed819d120b384149a4f9fd59d179ce008f9"
  integrity sha512-qN+QNNBr93TCmFrmte0bBCjSDMuRvt78VlHT99qIGPszm4QsqCX8lnyWUFkHi8B7ZBAPq8SH+UqyXNy/odMdng==

chai@^6.2.2:
  version "6.3.0"
  resolved "https://registry.yarnpkg.com/chai/-/chai-6.3.0.tgz#91f89eb789c2bb1ae1787d78c8518e1d3cebfc07"
  integrity sha512-XWAtwJ6OHO+tj0EKCs0Y2UamnyOxseZWltU4x2U2wh8g4AigdjwvtUjvLP2tqkA/avxHEtzxNaqGq/YGNwckKg==

client-only@0.0.1:
  version "0.0.1"
  resolved "https://registry.yarnpkg.com/client-only/-/client-only-0.0.1.tgz#38bba5d403c41ab150bff64a95c85013cf73bca1"
  integrity sha512-IV3Ou0jSMzZrd3pZ48nLkT9DA7Ag1pnPzaiQhpW7c3RbcqqzvzzVu+L8gfqMp/8IM2MQtSiqaCxrrcfu8I8rMA==

color-convert@^2.0.1:
  version "2.0.1"
  resolved "https://registry.yarnpkg.com/color-convert/-/color-convert-2.0.1.tgz#72d3a68d598c9bdb3af2ad1e84f21d896abd4de3"
  integrity sha512-RRECPsj7iu/xb5oKYcsFHSppFNnsj/52OVTRKb4zP5onXwVF3zVmmToNcOfGC+CRDpfK/U584fMg38ZHCaElKQ==
  dependencies:
    color-name "~1.1.4"

color-name@^1.0.0, color-name@~1.1.4:
  version "1.1.4"
  resolved "https://registry.yarnpkg.com/color-name/-/color-name-1.1.4.tgz#c2a09a87acbde69543de6f63fa3995c826c536a2"
  integrity sha512-dOy+3AuW3a2wNbZHIuMZpTcgjGuLU/uBL/ubcZF9OXbDo8ff4O8yVp5Bf0efS8uEoYo5q4Fx7dY9OgQGXgAsQA==

color-string@^1.9.0:
  version "1.9.1"
  resolved "https://registry.yarnpkg.com/color-string/-/color-string-1.9.1.tgz#4467f9146f036f855b764dfb5bf8582bf342c7a4"
  integrity sha512-shrVawQFojnZv6xM40anx4CkoDP+fZsw/ZerEMsW/pyzsRbElpsL/DBVW7q3ExxwusdNXI3lXpuhEZkzs8p5Eg==
  dependencies:
    color-name "^1.0.0"
    simple-swizzle "^0.2.2"

color@^4.2.3:
  version "4.2.3"
  resolved "https://registry.yarnpkg.com/color/-/color-4.2.3.tgz#d781ecb5e57224ee43ea9627560107c0e0c6463a"
  integrity sha512-1rXeuUUiGGrykh+CeBdu5Ie7OJwinCgQY0bc7GCRxy5xVHy+moaqkpL/jqQq0MtQOeYcrqEz4abc5f0KtU7W4A==
  dependencies:
    color-convert "^2.0.1"
    color-string "^1.9.0"

csstype@^3.0.2:
  version "3.2.3"
  resolved "https://registry.yarnpkg.com/csstype/-/csstype-3.2.3.tgz#ec48c0f3e993e50648c86da559e2610995cf989a"
  integrity sha512-z1HGKcYy2xA8AGQfwrn0PAy+PB7X/GSj3UVJW9qKyn43xWa+gl5nXmU4qqLMRzWVLFC8KusUX8T/0kCiOYpAIQ==

detect-libc@^2.0.3:
  version "2.1.2"
  resolved "https://registry.yarnpkg.com/detect-libc/-/detect-libc-2.1.2.tgz#689c5dcdc1900ef5583a4cb9f6d7b473742074ad"
  integrity sha512-Btj2BOOO83o3WyH59e8MgXsxEQVcarkUOpEYrubB0urwnN10yQ364rsiByU11nZlqWYZm05i/of7io4mzihBtQ==

ecdsa-sig-formatter@1.0.11:
  version "1.0.11"
  resolved "https://registry.yarnpkg.com/ecdsa-sig-formatter/-/ecdsa-sig-formatter-1.0.11.tgz#ae0f0fa2d85045ef14a817daa3ce9acd0489e5bf"
  integrity sha512-nagl3RYrbNv6kQkeJIpt6NJZy8twLB/2vtz6yN9Z4vRKHN4/QZJIEbqohALSgwKdnksuY3k5Addp5lg8sVoVcQ==
  dependencies:
    safe-buffer "^5.0.1"

es-module-lexer@^2.3.2:
  version "2.3.2"
  resolved "https://registry.yarnpkg.com/es-module-lexer/-/es-module-lexer-2.3.2.tgz#311fa4f40168c1975c505477c51b23234d41ad55"
  integrity sha512-poHGpORABojJJucnV9KbOavETW8lBVnphkW77ER5/BQ5Fz7oXSoCNek7IH3vR5nRjdsEz926ibFYX8KtLQmdyw==

estree-walker@^3.0.3:
  version "3.0.3"
  resolved "https://registry.yarnpkg.com/estree-walker/-/estree-walker-3.0.3.tgz#67c3e549ec402a487b4fc193d1953a524752340d"
  integrity sha512-7RUKfXgSMMkzt6ZuXmqapOurLGPPfgj6l9uRZ7lRGolvk0y2yocc35LdcxKC5PQZdn2DMqioAQ2NoWcrTKmm6g==
  dependencies:
    "@types/estree" "^1.0.0"

expect-type@^1.4.0:
  version "1.4.0"
  resolved "https://registry.yarnpkg.com/expect-type/-/expect-type-1.4.0.tgz#24edf7f0cc69a44d008567ba4594ab96f3c3a3d6"
  integrity sha512-KfYbmpRm0VbLjEvVa9yGwCi9GI34xvi7A/HXYWQO65CSD2u3MczUJSuwXKFIxlGsgBQizV9q5J9NHj4VG0n+pA==

fdir@^6.5.0:
  version "6.5.0"
  resolved "https://registry.yarnpkg.com/fdir/-/fdir-6.5.0.tgz#ed2ab967a331ade62f18d077dae192684d50d350"
  integrity sha512-tIbYtZbucOs0BRGqPJkshJUYdL+SDH7dVM8gjy+ERp3WAUjLEFJE+02kanyHtwjWOnwrKYBiwAmM0p4kLJAnXg==

is-arrayish@^0.3.1:
  version "0.3.4"
  resolved "https://registry.yarnpkg.com/is-arrayish/-/is-arrayish-0.3.4.tgz#1ee5553818511915685d33bb13d31bf854e5059d"
  integrity sha512-m6UrgzFVUYawGBh1dUsWR5M2Clqic9RVXC/9f8ceNlv2IcO9j9J/z8UoCLPqtsPBFNzEpfR3xftohbfqDx8EQA==

jsonwebtoken@9.0.3:
  version "9.0.3"
  resolved "https://registry.yarnpkg.com/jsonwebtoken/-/jsonwebtoken-9.0.3.tgz#6cd57ab01e9b0ac07cb847d53d3c9b6ee31f7ae2"
  integrity sha512-MT/xP0CrubFRNLNKvxJ2BYfy53Zkm++5bX9dtuPbqAeQpTVe0MQTFhao8+Cp//EmJp244xt6Drw/GVEGCUj40g==
  dependencies:
    jws "^4.0.1"
    lodash.includes "^4.3.0"
    lodash.isboolean "^3.0.3"
    lodash.isinteger "^4.0.4"
    lodash.isnumber "^3.0.3"
    lodash.isplainobject "^4.0.6"
    lodash.isstring "^4.0.1"
    lodash.once "^4.0.0"
    ms "^2.1.1"
    semver "^7.5.4"

jwa@^2.0.1:
  version "2.0.1"
  resolved "https://registry.yarnpkg.com/jwa/-/jwa-2.0.1.tgz#bf8176d1ad0cd72e0f3f58338595a13e110bc804"
  integrity sha512-hRF04fqJIP8Abbkq5NKGN0Bbr3JxlQ+qhZufXVr0DvujKy93ZCbXZMHDL4EOtodSbCWxOqR8MS1tXA5hwqCXDg==
  dependencies:
    buffer-equal-constant-time "^1.0.1"
    ecdsa-sig-formatter "1.0.11"
    safe-buffer "^5.0.1"

jws@^4.0.1:
  version "4.0.1"
  resolved "https://registry.yarnpkg.com/jws/-/jws-4.0.1.tgz#07edc1be8fac20e677b283ece261498bd38f0690"
  integrity sha512-EKI/M/yqPncGUUh44xz0PxSidXFr/+r0pA70+gIYhjv+et7yxM+s29Y+VGDkovRofQem0fs7Uvf4+YmAdyRduA==
  dependencies:
    jwa "^2.0.1"
    safe-buffer "^5.0.1"

lodash.includes@^4.3.0:
  version "4.3.0"
  resolved "https://registry.yarnpkg.com/lodash.includes/-/lodash.includes-4.3.0.tgz#60bb98a87cb923c68ca1e51325483314849f553f"
  integrity sha512-W3Bx6mdkRTGtlJISOvVD/lbqjTlPPUDTMnlXZFnVwi9NKJ6tiAk6LVdlhZMm17VZisqhKcgzpO5Wz91PCt5b0w==

lodash.isboolean@^3.0.3:
  version "3.0.3"
  resolved "https://registry.yarnpkg.com/lodash.isboolean/-/lodash.isboolean-3.0.3.tgz#6c2e171db2a257cd96802fd43b01b20d5f5870f6"
  integrity sha512-Bz5mupy2SVbPHURB98VAcw+aHh4vRV5IPNhILUCsOzRmsTmSQ17jIuqopAentWoehktxGd9e/hbIXq980/1QJg==

lodash.isinteger@^4.0.4:
  version "4.0.4"
  resolved "https://registry.yarnpkg.com/lodash.isinteger/-/lodash.isinteger-4.0.4.tgz#619c0af3d03f8b04c31f5882840b77b11cd68343"
  integrity sha512-DBwtEWN2caHQ9/imiNeEA5ys1JoRtRfY3d7V9wkqtbycnAmTvRRmbHKDV4a0EYc678/dia0jrte4tjYwVBaZUA==

lodash.isnumber@^3.0.3:
  version "3.0.3"
  resolved "https://registry.yarnpkg.com/lodash.isnumber/-/lodash.isnumber-3.0.3.tgz#3ce76810c5928d03352301ac287317f11c0b1ffc"
  integrity sha512-QYqzpfwO3/CWf3XP+Z+tkQsfaLL/EnUlXWVkIk5FUPc4sBdTehEqZONuyRt2P67PXAk+NXmTBcc97zw9t1FQrw==

lodash.isplainobject@^4.0.6:
  version "4.0.6"
  resolved "https://registry.yarnpkg.com/lodash.isplainobject/-/lodash.isplainobject-4.0.6.tgz#7c526a52d89b45c45cc690b88163be0497f550cb"
  integrity sha512-oSXzaWypCMHkPC3NvBEaPHf0KsA5mvPrOPgQWDsbg8n7orZ290M0BmC/jgRZ4vcJ6DTAhjrsSYgdsW/F+MFOBA==

lodash.isstring@^4.0.1:
  version "4.0.1"
  resolved "https://registry.yarnpkg.com/lodash.isstring/-/lodash.isstring-4.0.1.tgz#d527dfb5456eca7cc9bb95d5daeaf88ba54a5451"
  integrity sha512-0wJxfxH1wgO3GrbuP+dTTk7op+6L41QCXbGINEmD+ny/G/eCqGzxyCsh7159S+mgDDcoarnBw6PC1PS5+wUGgw==

lodash.once@^4.0.0:
  version "4.1.1"
  resolved "https://registry.yarnpkg.com/lodash.once/-/lodash.once-4.1.1.tgz#0dd3971213c7c56df880977d504c88fb471a97ac"
  integrity sha512-Sb487aTOCr9drQVL8pIxOzVhafOjZN9UU54hiN8PU3uAiSV7lx1yYNpbNmex2PK6dSJoNTSJUUswT651yww3Mg==

magic-string@^1.2.3:
  version "1.4.2"
  resolved "https://registry.yarnpkg.com/magic-string/-/magic-string-1.4.2.tgz#508aef4aac7319496dc074ec60ea511c49daf138"
  integrity sha512-vG+rjFRj1PqdIBozIxAGMjPlOhaVe+GXpbttY/iSK7rGcJRMlwNJO7dcUwmUqkymsFLJiNGI06t4D7Fr7yRC9g==
  dependencies:
    "@jridgewell/sourcemap-codec" "^1.6.0"

ms@^2.1.1:
  version "2.1.3"
  resolved "https://registry.yarnpkg.com/ms/-/ms-2.1.3.tgz#574c8138ce1d2b5861f0b44579dbadd60c6615b2"
  integrity sha512-6FlzubTLZG3J2a/NVCAleEhjzq5oxgHyaCU9yYXvcLsvoVaHJq/s5xXI6/XXP6tz7R9xAOtHnSO/tXtF3WRTlA==

nanoid@^3.3.6:
  version "3.3.19"
  resolved "https://registry.yarnpkg.com/nanoid/-/nanoid-3.3.19.tgz#336d4aa4bcd4fb24d2cddede7ffeae40bec03f0a"
  integrity sha512-Y2tUNy4ouw6tq5oDSKeQYGOyhkUBhNOcGV/02KC+6kd9eDGqdZd++mjMiIDilrBYvjEnCYvVtsuHCuP+okSfug==

next@15.1.3:
  version "15.1.3"
  resolved "https://registry.yarnpkg.com/next/-/next-15.1.3.tgz#49c45f884660dfaf07f53e70585d109a3283100e"
  integrity sha512-5igmb8N8AEhWDYzogcJvtcRDU6n4cMGtBklxKD4biYv4LXN8+awc/bbQ2IM2NQHdVPgJ6XumYXfo3hBtErg1DA==
  dependencies:
    "@next/env" "15.1.3"
    "@swc/counter" "0.1.3"
    "@swc/helpers" "0.5.15"
    busboy "1.6.0"
    caniuse-lite "^1.0.30001579"
    postcss "8.4.31"
    styled-jsx "5.1.6"
  optionalDependencies:
    "@next/swc-darwin-arm64" "15.1.3"
    "@next/swc-darwin-x64" "15.1.3"
    "@next/swc-linux-arm64-gnu" "15.1.3"
    "@next/swc-linux-arm64-musl" "15.1.3"
    "@next/swc-linux-x64-gnu" "15.1.3"
    "@next/swc-linux-x64-musl" "15.1.3"
    "@next/swc-win32-arm64-msvc" "15.1.3"
    "@next/swc-win32-x64-msvc" "15.1.3"
    sharp "^0.33.5"

obuf@~1.1.2:
  version "1.1.2"
  resolved "https://registry.yarnpkg.com/obuf/-/obuf-1.1.2.tgz#09bea3343d41859ebd446292d11c9d4db619084e"
  integrity sha512-PX1wu0AmAdPqOL1mWhqmlOd8kOIZQwGZw6rh7uby9fTc5lhaOWFLX3I6R1hrF9k3zUY40e6igsLGkDXK92LJNg==

obug@^2.1.4:
  version "2.2.1"
  resolved "https://registry.yarnpkg.com/obug/-/obug-2.2.1.tgz#9c453efeeda822050eb9774242e969c784d64d78"
  integrity sha512-XrsrhT5sybtKI6wakr2SPOlGZWWYbUXZ7a0jT8/QOeAPau+1X/bSegNe5YR75oJmEZQbKningirmGOEJCIk61Q==

pg-cloudflare@^1.1.1:
  version "1.4.0"
  resolved "https://registry.yarnpkg.com/pg-cloudflare/-/pg-cloudflare-1.4.0.tgz#4b4c20e6d8ae531d400730f4804571a8d62f1497"
  integrity sha512-Vo7z/6rrQYxpNRylp4Tlob2elzbh+N/MOQbxFVWCxS7oEx6jF53GTJFxK2WWpKuBRkmiin4Mt+xofFDjx09R0A==

pg-connection-string@^2.7.0:
  version "2.14.0"
  resolved "https://registry.yarnpkg.com/pg-connection-string/-/pg-connection-string-2.14.0.tgz#abc26ee4f37c56c0f3ae0fcf0b0653cc4e1c0fd9"
  integrity sha512-XwWDGcLRGCXAR8F/AM5bG7Q+A3Wm2s6QeEjlOKZLlH3UYcguiqCWKyWXVag5TLTIjR7oOJUY8kcADaZgWPyLeg==

pg-int8@1.0.1:
  version "1.0.1"
  resolved "https://registry.yarnpkg.com/pg-int8/-/pg-int8-1.0.1.tgz#943bd463bf5b71b4170115f80f8efc9a0c0eb78c"
  integrity sha512-WCtabS6t3c8SkpDBUlb1kjOs7l66xsGdKpIPZsg4wR+B3+u9UAum2odSsF9tnvxg80h4ZxLWMy4pRjOsFIqQpw==

pg-numeric@1.0.2:
  version "1.0.2"
  resolved "https://registry.yarnpkg.com/pg-numeric/-/pg-numeric-1.0.2.tgz#816d9a44026086ae8ae74839acd6a09b0636aa3a"
  integrity sha512-BM/Thnrw5jm2kKLE5uJkXqqExRUY/toLHda65XgFTBTFYZyopbKjBe29Ii3RbkvlsMoFwD+tHeGaCjjv0gHlyw==

pg-pool@^3.7.0:
  version "3.14.0"
  resolved "https://registry.yarnpkg.com/pg-pool/-/pg-pool-3.14.0.tgz#f35ae4eb846780cad71af24099b3edfa9781ad90"
  integrity sha512-gKtPkFdQPU3DksooVLi9LsjZxrsBUZIpa+7aVx+LV5pNh0KzP4Zleud2po+ConrxbuXGBJ6Hfer6hdgpIBpBaw==

pg-protocol@*, pg-protocol@^1.7.0:
  version "1.16.0"
  resolved "https://registry.yarnpkg.com/pg-protocol/-/pg-protocol-1.16.0.tgz#cffb008826561ee9770a8a15dc21f269d731b305"
  integrity sha512-sILXutLVjCLjcDuOmvhX5e2Z4cS5qG/6Bu3VkpFwdf/633ElGLpEh9bgmuI5I4sqKqkifQiGyiCcx1HdtrK7tg==

pg-types@^2.1.0:
  version "2.2.0"
  resolved "https://registry.yarnpkg.com/pg-types/-/pg-types-2.2.0.tgz#2d0250d636454f7cfa3b6ae0382fdfa8063254a3"
  integrity sha512-qTAAlrEsl8s4OiEQY69wDvcMIdQN6wdz5ojQiOy6YRMuynxenON0O5oCpJI6lshc6scgAY8qvJ2On/p+CXY0GA==
  dependencies:
    pg-int8 "1.0.1"
    postgres-array "~2.0.0"
    postgres-bytea "~1.0.0"
    postgres-date "~1.0.4"
    postgres-interval "^1.1.0"

pg-types@^4.0.1:
  version "4.1.0"
  resolved "https://registry.yarnpkg.com/pg-types/-/pg-types-4.1.0.tgz#49138d5ff1c94634d7eed42aa9ccba78ea2e52f0"
  integrity sha512-o2XFanIMy/3+mThw69O8d4n1E5zsLhdO+OPqswezu7Z5ekP4hYDqlDjlmOpYMbzY2Br0ufCwJLdDIXeNVwcWFg==
  dependencies:
    pg-int8 "1.0.1"
    pg-numeric "1.0.2"
    postgres-array "~3.0.1"
    postgres-bytea "~3.0.0"
    postgres-date "~2.1.0"
    postgres-interval "^3.0.0"
    postgres-range "^1.1.1"

pg@8.13.1:
  version "8.13.1"
  resolved "https://registry.yarnpkg.com/pg/-/pg-8.13.1.tgz#6498d8b0a87ff76c2df7a32160309d3168c0c080"
  integrity sha512-OUir1A0rPNZlX//c7ksiu7crsGZTKSOXJPgtNiHGIlC9H0lO+NC6ZDYksSgBYY/thSWhnSRBv8w1lieNNGATNQ==
  dependencies:
    pg-connection-string "^2.7.0"
    pg-pool "^3.7.0"
    pg-protocol "^1.7.0"
    pg-types "^2.1.0"
    pgpass "1.x"
  optionalDependencies:
    pg-cloudflare "^1.1.1"

pgpass@1.x:
  version "1.0.6"
  resolved "https://registry.yarnpkg.com/pgpass/-/pgpass-1.0.6.tgz#d3f6629b024b16fe2a9f8b033e6befc34e2ddb07"
  integrity sha512-lqIfH7bdgsxHAY/ZnUOwm+aCFKrsHBDhSFuk9O0B9uCqJAIkrKTo/+LQqLPLUS4e04+jCmQVikxE3QipH5chPw==

picocolors@^1.0.0:
  version "1.1.1"
  resolved "https://registry.yarnpkg.com/picocolors/-/picocolors-1.1.1.tgz#3d321af3eab939b083c8f929a1d12cda81c26b6b"
  integrity sha512-xceH2snhtb5M9liqDsmEw56le376mTZkEX/jEb/RxNFyegNul7eNslCXP9FDj/Lcu0X8KEyMceP2ntpaHrDEVA==

picomatch@^4.0.4, picomatch@^4.0.7:
  version "4.0.7"
  resolved "https://registry.yarnpkg.com/picomatch/-/picomatch-4.0.7.tgz#6313360034ccb36b3dc61ecbdff78121f90fe21f"
  integrity sha512-qcJu88Q2IWqJsDD529JKMdwGm/dvInW4HvQnRwiH9JtihJvzGOscDtHE3x1pBKeUOTysQ8kVmLnJ2kJu7yhcGA==

postcss@8.4.31:
  version "8.4.31"
  resolved "https://registry.yarnpkg.com/postcss/-/postcss-8.4.31.tgz#92b451050a9f914da6755af352bdc0192508656d"
  integrity sha512-PS08Iboia9mts/2ygV3eLpY5ghnUcfLV/EXTOW1E2qYxJKGGBUtNjN76FYHnMs36RmARn41bC0AZmn+rR0OVpQ==
  dependencies:
    nanoid "^3.3.6"
    picocolors "^1.0.0"
    source-map-js "^1.0.2"

postgres-array@~2.0.0:
  version "2.0.0"
  resolved "https://registry.yarnpkg.com/postgres-array/-/postgres-array-2.0.0.tgz#48f8fce054fbc69671999329b8834b772652d82e"
  integrity sha512-VpZrUqU5A69eQyW2c5CA1jtLecCsN2U/bD6VilrFDWq5+5UIEVO7nazS3TEcHf1zuPYO/sqGvUvW62g86RXZuA==

postgres-array@~3.0.1:
  version "3.0.4"
  resolved "https://registry.yarnpkg.com/postgres-array/-/postgres-array-3.0.4.tgz#4efcaf4d2c688d8bcaa8620ed13f35f299f7528c"
  integrity sha512-nAUSGfSDGOaOAEGwqsRY27GPOea7CNipJPOA7lPbdEpx5Kg3qzdP0AaWC5MlhTWV9s4hFX39nomVZ+C4tnGOJQ==

postgres-bytea@~1.0.0:
  version "1.0.1"
  resolved "https://registry.yarnpkg.com/postgres-bytea/-/postgres-bytea-1.0.1.tgz#c40b3da0222c500ff1e51c5d7014b60b79697c7a"
  integrity sha512-5+5HqXnsZPE65IJZSMkZtURARZelel2oXUEO8rH83VS/hxH5vv1uHquPg5wZs8yMAfdv971IU+kcPUczi7NVBQ==

postgres-bytea@~3.0.0:
  version "3.0.0"
  resolved "https://registry.yarnpkg.com/postgres-bytea/-/postgres-bytea-3.0.0.tgz#9048dc461ac7ba70a6a42d109221619ecd1cb089"
  integrity sha512-CNd4jim9RFPkObHSjVHlVrxoVQXz7quwNFpz7RY1okNNme49+sVyiTvTRobiLV548Hx/hb1BG+iE7h9493WzFw==
  dependencies:
    obuf "~1.1.2"

postgres-date@~1.0.4:
  version "1.0.7"
  resolved "https://registry.yarnpkg.com/postgres-date/-/postgres-date-1.0.7.tgz#51bc086006005e5061c591cee727f2531bf641a8"
  integrity sha512-suDmjLVQg78nMK2UZ454hAG+OAW+HQPZ6n++TNDUX+L0+uUlLywnoxJKDou51Zm+zTCjrCl0Nq6J9C5hP9vK/Q==

postgres-date@~2.1.0:
  version "2.1.0"
  resolved "https://registry.yarnpkg.com/postgres-date/-/postgres-date-2.1.0.tgz#b85d3c1fb6fb3c6c8db1e9942a13a3bf625189d0"
  integrity sha512-K7Juri8gtgXVcDfZttFKVmhglp7epKb1K4pgrkLxehjqkrgPhfG6OO8LHLkfaqkbpjNRnra018XwAr1yQFWGcA==

postgres-interval@^1.1.0:
  version "1.2.0"
  resolved "https://registry.yarnpkg.com/postgres-interval/-/postgres-interval-1.2.0.tgz#b460c82cb1587507788819a06aa0fffdb3544695"
  integrity sha512-9ZhXKM/rw350N1ovuWHbGxnGh/SNJ4cnxHiM0rxE4VN41wsg8P8zWn9hv/buK00RP4WvlOyr/RBDiptyxVbkZQ==
  dependencies:
    xtend "^4.0.0"

postgres-interval@^3.0.0:
  version "3.0.0"
  resolved "https://registry.yarnpkg.com/postgres-interval/-/postgres-interval-3.0.0.tgz#baf7a8b3ebab19b7f38f07566c7aab0962f0c86a"
  integrity sha512-BSNDnbyZCXSxgA+1f5UU2GmwhoI0aU5yMxRGO8CdFEcY2BQF9xm/7MqKnYoM1nJDk8nONNWDk9WeSmePFhQdlw==

postgres-range@^1.1.1:
  version "1.1.4"
  resolved "https://registry.yarnpkg.com/postgres-range/-/postgres-range-1.1.4.tgz#a59c5f9520909bcec5e63e8cf913a92e4c952863"
  integrity sha512-i/hbxIE9803Alj/6ytL7UHQxRvZkI9O4Sy+J3HGc4F4oo/2eQAjTSNJ0bfxyse3bH0nuVesCk+3IRLaMtG3H6w==

react-dom@19.0.0:
  version "19.0.0"
  resolved "https://registry.yarnpkg.com/react-dom/-/react-dom-19.0.0.tgz#43446f1f01c65a4cd7f7588083e686a6726cfb57"
  integrity sha512-4GV5sHFG0e/0AD4X+ySy6UJd3jVl1iNsNHdpad0qhABJ11twS3TTBnseqsKurKcsNqCEFeGL3uLpVChpIO3QfQ==
  dependencies:
    scheduler "^0.25.0"

react@19.0.0:
  version "19.0.0"
  resolved "https://registry.yarnpkg.com/react/-/react-19.0.0.tgz#6e1969251b9f108870aa4bff37a0ce9ddfaaabdd"
  integrity sha512-V8AVnmPIICiWpGfm6GLzCR/W5FXLchHop40W4nXBmdlEceh16rCN8O8LNWm5bh5XUX91fh7KpA+W0TgMKmgTpQ==

safe-buffer@^5.0.1:
  version "5.2.1"
  resolved "https://registry.yarnpkg.com/safe-buffer/-/safe-buffer-5.2.1.tgz#1eaf9fa9bdb1fdd4ec75f58f9cdb4e6b7827eec6"
  integrity sha512-rp3So07KcdmmKbGvgaNxQSJr7bGVSVk5S9Eq1F+ppbRo70+YeaDxkw5Dd8NPN+GD6bjnYm2VuPuCXmpuYvmCXQ==

scheduler@^0.25.0:
  version "0.25.0"
  resolved "https://registry.yarnpkg.com/scheduler/-/scheduler-0.25.0.tgz#336cd9768e8cceebf52d3c80e3dcf5de23e7e015"
  integrity sha512-xFVuu11jh+xcO7JOAGJNOXld8/TcEHK/4CituBUeUb5hqxJLj9YuemAEuvm9gQ/+pgXYfbQuqAkiYu+u7YEsNA==

semver@^7.5.4, semver@^7.6.3:
  version "7.8.5"
  resolved "https://registry.yarnpkg.com/semver/-/semver-7.8.5.tgz#39b646037dd50c14fb451e7e4cac58ed8b863f69"
  integrity sha512-Y7/KDsb8LjooZpwaqGyulO6DQlksgCncchHGk+sZIY4SBvUocMBEFH5Ur1fI4dV+Jvl0w6cjvucaIi40puRioA==

sharp@^0.33.5:
  version "0.33.5"
  resolved "https://registry.yarnpkg.com/sharp/-/sharp-0.33.5.tgz#13e0e4130cc309d6a9497596715240b2ec0c594e"
  integrity sha512-haPVm1EkS9pgvHrQ/F3Xy+hgcuMV0Wm9vfIBSiwZ05k+xgb0PkBQpGsAA/oWdDobNaZTH5ppvHtzCFbnSEwHVw==
  dependencies:
    color "^4.2.3"
    detect-libc "^2.0.3"
    semver "^7.6.3"
  optionalDependencies:
    "@img/sharp-darwin-arm64" "0.33.5"
    "@img/sharp-darwin-x64" "0.33.5"
    "@img/sharp-libvips-darwin-arm64" "1.0.4"
    "@img/sharp-libvips-darwin-x64" "1.0.4"
    "@img/sharp-libvips-linux-arm" "1.0.5"
    "@img/sharp-libvips-linux-arm64" "1.0.4"
    "@img/sharp-libvips-linux-s390x" "1.0.4"
    "@img/sharp-libvips-linux-x64" "1.0.4"
    "@img/sharp-libvips-linuxmusl-arm64" "1.0.4"
    "@img/sharp-libvips-linuxmusl-x64" "1.0.4"
    "@img/sharp-linux-arm" "0.33.5"
    "@img/sharp-linux-arm64" "0.33.5"
    "@img/sharp-linux-s390x" "0.33.5"
    "@img/sharp-linux-x64" "0.33.5"
    "@img/sharp-linuxmusl-arm64" "0.33.5"
    "@img/sharp-linuxmusl-x64" "0.33.5"
    "@img/sharp-wasm32" "0.33.5"
    "@img/sharp-win32-ia32" "0.33.5"
    "@img/sharp-win32-x64" "0.33.5"

simple-swizzle@^0.2.2:
  version "0.2.4"
  resolved "https://registry.yarnpkg.com/simple-swizzle/-/simple-swizzle-0.2.4.tgz#a8d11a45a11600d6a1ecdff6363329e3648c3667"
  integrity sha512-nAu1WFPQSMNr2Zn9PGSZK9AGn4t/y97lEm+MXTtUDwfP0ksAIX4nO+6ruD9Jwut4C49SB1Ws+fbXsm/yScWOHw==
  dependencies:
    is-arrayish "^0.3.1"

source-map-js@^1.0.2:
  version "1.2.1"
  resolved "https://registry.yarnpkg.com/source-map-js/-/source-map-js-1.2.1.tgz#1ce5650fddd87abc099eda37dcff024c2667ae46"
  integrity sha512-UXWMKhLOwVKb728IUtQPXxfYU+usdybtUrK/8uGE8CQMvrhOpwvzDBwj0QhSL7MQc7vIsISBG8VQ8+IDQxpfQA==

std-env@^4.2.0:
  version "4.3.0"
  resolved "https://registry.yarnpkg.com/std-env/-/std-env-4.3.0.tgz#4e7231b61fd83219aa7f76f71fa8818b07e41321"
  integrity sha512-OtU/EgQ1kIm5KwqQpBC6ZEMXrZRui11w8zgfTWp8cdO9B8OaPsbA8bTHO2P+HNo1VlUTGMVBwPhydu6poeXiag==

streamsearch@^1.1.0:
  version "1.1.0"
  resolved "https://registry.yarnpkg.com/streamsearch/-/streamsearch-1.1.0.tgz#404dd1e2247ca94af554e841a8ef0eaa238da764"
  integrity sha512-Mcc5wHehp9aXz1ax6bZUyY5afg9u2rv5cqQI3mRrYkGC8rW2hM02jWuwjtL++LS5qinSyhj2QfLyNsuc+VsExg==

styled-jsx@5.1.6:
  version "5.1.6"
  resolved "https://registry.yarnpkg.com/styled-jsx/-/styled-jsx-5.1.6.tgz#83b90c077e6c6a80f7f5e8781d0f311b2fe41499"
  integrity sha512-qSVyDTeMotdvQYoHWLNGwRFJHC+i+ZvdBRYosOFgC+Wg1vx4frN2/RG/NA7SYqqvKNLf39P2LSRA2pu6n0XYZA==
  dependencies:
    client-only "0.0.1"

tinybench@^6.1.4:
  version "6.2.0"
  resolved "https://registry.yarnpkg.com/tinybench/-/tinybench-6.2.0.tgz#392834d90f72567ee35330b4bc8f58e62e9e1d4d"
  integrity sha512-78U2TlB2CnVenajOFzf3BKSm0J6oz5L0NV7g32LCPccvYc0lbWvys4d3uUUCS2B1N8PAf2+aekR8i1KbC3HO7Q==

tinyexec@^1.3.0:
  version "1.3.1"
  resolved "https://registry.yarnpkg.com/tinyexec/-/tinyexec-1.3.1.tgz#16a2e3c6e23fafce72640e678e651db36145b9c6"
  integrity sha512-GCvB3aoys96IuDFBMcTB46JOR6mdMtAToqwiW8JlWhsoh1mhHi/xn9ss/Dg7N555GiJyEt2qzoG/NHCwM6h1EA==

tinyglobby@^0.2.17:
  version "0.2.17"
  resolved "https://registry.yarnpkg.com/tinyglobby/-/tinyglobby-0.2.17.tgz#562a9a6c9eb2b3b123d39719f9af5bb44fcd7631"
  integrity sha512-wXR/dYpcqKmfWpEdZjiKJOwCNFndD0DMnrW/cYjVGttEkBfVgcLFHoNrlj47mjOVic9yyNu65alsgF4NQyTa2g==
  dependencies:
    fdir "^6.5.0"
    picomatch "^4.0.4"

tslib@^2.4.0, tslib@^2.8.0:
  version "2.8.1"
  resolved "https://registry.yarnpkg.com/tslib/-/tslib-2.8.1.tgz#612efe4ed235d567e8aba5f2a5fab70280ade83f"
  integrity sha512-oJFu94HQb+KVduSUQL7wnpmqnfmLsOA/nAh6b6EH0wCEoK0/mPeXU6c3wKDV83MkOuHPRHtSXKKU99IBazS/2w==

typescript@5.7.2:
  version "5.7.2"
  resolved "https://registry.yarnpkg.com/typescript/-/typescript-5.7.2.tgz#3169cf8c4c8a828cde53ba9ecb3d2b1d5dd67be6"
  integrity sha512-i5t66RHxDvVN40HfDd1PsEThGNnlMCMT3jMUuoh9/0TaqWevNontacunWyN02LA9/fIbEWlcHZcgTKb9QoaLfg==

undici-types@~6.21.0:
  version "6.21.0"
  resolved "https://registry.yarnpkg.com/undici-types/-/undici-types-6.21.0.tgz#691d00af3909be93a7faa13be61b3a5b50ef12cb"
  integrity sha512-iwDZqg0QAGrg9Rav5H4n0M64c3mkR59cJ6wQp+7C4nI0gsmExaedaYLNO44eT4AtBBwjbTiGPMlt2Md0T9H9JQ==

undici-types@~8.9.0:
  version "8.9.0"
  resolved "https://registry.yarnpkg.com/undici-types/-/undici-types-8.9.0.tgz#e240d97c8b5d85e5347ce73d25865c7906c1ec9f"
  integrity sha512-KTDyRTYX8sWmKXAikPHHSyc63CRPETMctyjKFupcC6OBLXT3xsN0e9aF7m+mIXutFWpUXuedtowG7iLOzp0kQg==

vitest@5.0.3:
  version "5.0.3"
  resolved "https://registry.yarnpkg.com/vitest/-/vitest-5.0.3.tgz#0d07cdc353bb0da4ff936e4471c1aa55f34c42ed"
  integrity sha512-xMw97S3rjdtj5dkVat7jCsqWBpvchs3RlpQctUqwJD0KkERk40vz2fJ77lDwW/Vzh/pk18eItYAzkodhSes3jQ==
  dependencies:
    "@types/chai" "^5.2.2"
    "@vitest/mocker" "5.0.3"
    chai "^6.2.2"
    es-module-lexer "^2.3.2"
    expect-type "^1.4.0"
    magic-string "^1.2.3"
    obug "^2.1.4"
    picomatch "^4.0.7"
    std-env "^4.2.0"
    tinybench "^6.1.4"
    tinyexec "^1.3.0"
    tinyglobby "^0.2.17"
    why-is-node-running "3.2.1"

why-is-node-running@3.2.1:
  version "3.2.1"
  resolved "https://registry.yarnpkg.com/why-is-node-running/-/why-is-node-running-3.2.1.tgz#f66f0d61f861e4d3965a7ad63645a953f550830c"
  integrity sha512-Tb2FUhB4vUsGQlfSquQLYkApkuPAFQXGFzxWKHHumVz2dK+X1RUm/HnID4+TfIGYJ1kTcwOaCk/buYCEJr6YjQ==

xtend@^4.0.0:
  version "4.0.2"
  resolved "https://registry.yarnpkg.com/xtend/-/xtend-4.0.2.tgz#bb72779f5fa465186b1f438f674fa347fdb5db54"
  integrity sha512-LKYU1iAXJXUgAXn9URjiu+MWhyUXHsvfp7mcuYm9dSUKK0/CjtrUwFAxD82/mCWbtLsGjFIad0wIsod4zrTAEQ==

zod@3.24.1:
  version "3.24.1"
  resolved "https://registry.yarnpkg.com/zod/-/zod-3.24.1.tgz#27445c912738c8ad1e9de1bea0359fa44d9d35ee"
  integrity sha512-muH7gBL9sI1nciMZV67X5fTKKBLtwpZ5VBp1vsOQzj1MhrBZ4wlVCm3gedKZWLp0Oyel8sIGfeiz54Su+OVT+A==
